
Microsoft Visual Studio Solution File, Format Version 12.00
# Visual Studio 15
Project("{FAE04EC0-301F-11D3-BF4B-00C04F79EFBC}") = "CFXREditor", "CFXREditor.csproj", "{833C2DA0-B765-A657-DCA9-AD22B5FB69E0}"
EndProject
Project("{FAE04EC0-301F-11D3-BF4B-00C04F79EFBC}") = "NWH.VehiclePhysics2", "NWH.VehiclePhysics2.csproj", "{387D885E-6E18-36D9-ED22-FFC38E44E068}"
EndProject
Project("{FAE04EC0-301F-11D3-BF4B-00C04F79EFBC}") = "CFXRRuntime", "CFXRRuntime.csproj", "{71D09879-D084-E2C8-1E2B-2A3DE3BECA3D}"
EndProject
Project("{FAE04EC0-301F-11D3-BF4B-00C04F79EFBC}") = "NWH.Common", "NWH.Common.csproj", "{D65D1EB5-CA15-A0E0-6485-0B0E0297552D}"
EndProject
Project("{FAE04EC0-301F-11D3-BF4B-00C04F79EFBC}") = "NWH.WheelController", "NWH.WheelController.csproj", "{8A1024D2-5B64-6A95-CD70-C88C04C41CC2}"
EndProject
Project("{FAE04EC0-301F-11D3-BF4B-00C04F79EFBC}") = "Assembly-CSharp", "Assembly-CSharp.csproj", "{47E0BA36-D4F7-4085-A4F3-44409C55D303}"
EndProject
Project("{FAE04EC0-301F-11D3-BF4B-00C04F79EFBC}") = "CFXR.WelcomeScreen", "CFXR.WelcomeScreen.csproj", "{335D70AC-A868-DB3B-8C4F-E024D5093A15}"
EndProject
Project("{FAE04EC0-301F-11D3-BF4B-00C04F79EFBC}") = "NWH.NRigidbody", "NWH.NRigidbody.csproj", "{83E4CB5D-6BE2-E7A8-DEC1-5F13C7731F00}"
EndProject
Project("{FAE04EC0-301F-11D3-BF4B-00C04F79EFBC}") = "CFXRDemo", "CFXRDemo.csproj", "{3727032E-EC85-AC9A-33B8-44CDDDD235E6}"
EndProject
Project("{FAE04EC0-301F-11D3-BF4B-00C04F79EFBC}") = "ToonyColorsPro.Demo.Editor", "ToonyColorsPro.Demo.Editor.csproj", "{A1D54F69-64F8-E36D-3F7A-47B5D6DC63F2}"
EndProject
Project("{FAE04EC0-301F-11D3-BF4B-00C04F79EFBC}") = "KinoBloom.Runtime", "KinoBloom.Runtime.csproj", "{6D19C287-85EA-52A4-0A7A-431DEE88CAFA}"
EndProject
Global
	GlobalSection(SolutionConfigurationPlatforms) = preSolution
		Debug|Any CPU = Debug|Any CPU
		Release|Any CPU = Release|Any CPU
	EndGlobalSection
	GlobalSection(ProjectConfigurationPlatforms) = postSolution
		{833C2DA0-B765-A657-DCA9-AD22B5FB69E0}.Debug|Any CPU.ActiveCfg = Debug|Any CPU
		{833C2DA0-B765-A657-DCA9-AD22B5FB69E0}.Debug|Any CPU.Build.0 = Debug|Any CPU
		{833C2DA0-B765-A657-DCA9-AD22B5FB69E0}.Release|Any CPU.ActiveCfg = Release|Any CPU
		{833C2DA0-B765-A657-DCA9-AD22B5FB69E0}.Release|Any CPU.Build.0 = Release|Any CPU
		{387D885E-6E18-36D9-ED22-FFC38E44E068}.Debug|Any CPU.ActiveCfg = Debug|Any CPU
		{387D885E-6E18-36D9-ED22-FFC38E44E068}.Debug|Any CPU.Build.0 = Debug|Any CPU
		{387D885E-6E18-36D9-ED22-FFC38E44E068}.Release|Any CPU.ActiveCfg = Release|Any CPU
		{387D885E-6E18-36D9-ED22-FFC38E44E068}.Release|Any CPU.Build.0 = Release|Any CPU
		{71D09879-D084-E2C8-1E2B-2A3DE3BECA3D}.Debug|Any CPU.ActiveCfg = Debug|Any CPU
		{71D09879-D084-E2C8-1E2B-2A3DE3BECA3D}.Debug|Any CPU.Build.0 = Debug|Any CPU
		{71D09879-D084-E2C8-1E2B-2A3DE3BECA3D}.Release|Any CPU.ActiveCfg = Release|Any CPU
		{71D09879-D084-E2C8-1E2B-2A3DE3BECA3D}.Release|Any CPU.Build.0 = Release|Any CPU
		{D65D1EB5-CA15-A0E0-6485-0B0E0297552D}.Debug|Any CPU.ActiveCfg = Debug|Any CPU
		{D65D1EB5-CA15-A0E0-6485-0B0E0297552D}.Debug|Any CPU.Build.0 = Debug|Any CPU
		{D65D1EB5-CA15-A0E0-6485-0B0E0297552D}.Release|Any CPU.ActiveCfg = Release|Any CPU
		{D65D1EB5-CA15-A0E0-6485-0B0E0297552D}.Release|Any CPU.Build.0 = Release|Any CPU
		{8A1024D2-5B64-6A95-CD70-C88C04C41CC2}.Debug|Any CPU.ActiveCfg = Debug|Any CPU
		{8A1024D2-5B64-6A95-CD70-C88C04C41CC2}.Debug|Any CPU.Build.0 = Debug|Any CPU
		{8A1024D2-5B64-6A95-CD70-C88C04C41CC2}.Release|Any CPU.ActiveCfg = Release|Any CPU
		{8A1024D2-5B64-6A95-CD70-C88C04C41CC2}.Release|Any CPU.Build.0 = Release|Any CPU
		{47E0BA36-D4F7-4085-A4F3-44409C55D303}.Debug|Any CPU.ActiveCfg = Debug|Any CPU
		{47E0BA36-D4F7-4085-A4F3-44409C55D303}.Debug|Any CPU.Build.0 = Debug|Any CPU
		{47E0BA36-D4F7-4085-A4F3-44409C55D303}.Release|Any CPU.ActiveCfg = Release|Any CPU
		{47E0BA36-D4F7-4085-A4F3-44409C55D303}.Release|Any CPU.Build.0 = Release|Any CPU
		{335D70AC-A868-DB3B-8C4F-E024D5093A15}.Debug|Any CPU.ActiveCfg = Debug|Any CPU
		{335D70AC-A868-DB3B-8C4F-E024D5093A15}.Debug|Any CPU.Build.0 = Debug|Any CPU
		{335D70AC-A868-DB3B-8C4F-E024D5093A15}.Release|Any CPU.ActiveCfg = Release|Any CPU
		{335D70AC-A868-DB3B-8C4F-E024D5093A15}.Release|Any CPU.Build.0 = Release|Any CPU
		{83E4CB5D-6BE2-E7A8-DEC1-5F13C7731F00}.Debug|Any CPU.ActiveCfg = Debug|Any CPU
		{83E4CB5D-6BE2-E7A8-DEC1-5F13C7731F00}.Debug|Any CPU.Build.0 = Debug|Any CPU
		{83E4CB5D-6BE2-E7A8-DEC1-5F13C7731F00}.Release|Any CPU.ActiveCfg = Release|Any CPU
		{83E4CB5D-6BE2-E7A8-DEC1-5F13C7731F00}.Release|Any CPU.Build.0 = Release|Any CPU
		{3727032E-EC85-AC9A-33B8-44CDDDD235E6}.Debug|Any CPU.ActiveCfg = Debug|Any CPU
		{3727032E-EC85-AC9A-33B8-44CDDDD235E6}.Debug|Any CPU.Build.0 = Debug|Any CPU
		{3727032E-EC85-AC9A-33B8-44CDDDD235E6}.Release|Any CPU.ActiveCfg = Release|Any CPU
		{3727032E-EC85-AC9A-33B8-44CDDDD235E6}.Release|Any CPU.Build.0 = Release|Any CPU
		{A1D54F69-64F8-E36D-3F7A-47B5D6DC63F2}.Debug|Any CPU.ActiveCfg = Debug|Any CPU
		{A1D54F69-64F8-E36D-3F7A-47B5D6DC63F2}.Debug|Any CPU.Build.0 = Debug|Any CPU
		{A1D54F69-64F8-E36D-3F7A-47B5D6DC63F2}.Release|Any CPU.ActiveCfg = Release|Any CPU
		{A1D54F69-64F8-E36D-3F7A-47B5D6DC63F2}.Release|Any CPU.Build.0 = Release|Any CPU
		{6D19C287-85EA-52A4-0A7A-431DEE88CAFA}.Debug|Any CPU.ActiveCfg = Debug|Any CPU
		{6D19C287-85EA-52A4-0A7A-431DEE88CAFA}.Debug|Any CPU.Build.0 = Debug|Any CPU
		{6D19C287-85EA-52A4-0A7A-431DEE88CAFA}.Release|Any CPU.ActiveCfg = Release|Any CPU
		{6D19C287-85EA-52A4-0A7A-431DEE88CAFA}.Release|Any CPU.Build.0 = Release|Any CPU
	EndGlobalSection
	GlobalSection(SolutionProperties) = preSolution
		HideSolutionNode = FALSE
	EndGlobalSection
EndGlobal
